{
  "name": "efla-web",
  "version": "1.0.0",
  "lockfileVersion": 1,
  "requires": true,
  "dependencies": {
    "angular": {
      "version": "1.6.6",
      "resolved": "https://registry.npmjs.org/angular/-/angular-1.6.6.tgz",
      "integrity": "sha1-/Vo8+0N844LYVO4BEgeXl4Uny2Q="
    },
    "angular-flash-alert": {
      "version": "2.5.0",
      "resolved": "https://registry.npmjs.org/angular-flash-alert/-/angular-flash-alert-2.5.0.tgz",
      "integrity": "sha512-O/uqA66qtGsOA232+enzJNH4wH9v6ywcClRPf2C+T7xE/MxRRovOc959mcX9mIqNwncwPPc8quWol36R9fm1ow==",
      "requires": {
        "angular": "1.6.6"
      }
    },
    "angular-route": {
      "version": "1.6.6",
      "resolved": "https://registry.npmjs.org/angular-route/-/angular-route-1.6.6.tgz",
      "integrity": "sha1-jBF0iqGVxxexthWn50ZEK/x8YfQ="
    },
    "bootstrap": {
      "version": "3.3.7",
      "resolved": "https://registry.npmjs.org/bootstrap/-/bootstrap-3.3.7.tgz",
      "integrity": "sha1-WjiTlFSfIzMIdaOxUGVldPip63E="
    },
    "jquery": {
      "version": "3.2.1",
      "resolved": "https://registry.npmjs.org/jquery/-/jquery-3.2.1.tgz",
      "integrity": "sha1-XE2d5lKvbNCncBVKYxu6ErAVx4c="
    },
    "sass": {
      "version": "1.0.0-beta.3",
      "resolved": "https://registry.npmjs.org/sass/-/sass-1.0.0-beta.3.tgz",
      "integrity": "sha1-s6objnYEcTQN/hEBTJr1nAv0jNw="
    },
    "spectrum-colorpicker": {
      "version": "1.8.0",
      "resolved": "https://registry.npmjs.org/spectrum-colorpicker/-/spectrum-colorpicker-1.8.0.tgz",
      "integrity": "sha1-uSbPUALAp3hgtfg1HhwJPGUgAQc="
    }
  }
}
